
Microsoft Visual Studio Solution File, Format Version 12.00
Project("{FAE04EC0-301F-11D3-BF4B-00C04F79EFBC}") = "BreakfastProgram", "BreakfastProgram\BreakfastProgram.csproj", "{EC73DFC5-9B8D-4E60-A9C6-4AF1C820C608}"
EndProject
Global
	GlobalSection(SolutionConfigurationPlatforms) = preSolution
		Debug|Any CPU = Debug|Any CPU
		Release|Any CPU = Release|Any CPU
	EndGlobalSection
	GlobalSection(ProjectConfigurationPlatforms) = postSolution
		{EC73DFC5-9B8D-4E60-A9C6-4AF1C820C608}.Debug|Any CPU.ActiveCfg = Debug|Any CPU
		{EC73DFC5-9B8D-4E60-A9C6-4AF1C820C608}.Debug|Any CPU.Build.0 = Debug|Any CPU
		{EC73DFC5-9B8D-4E60-A9C6-4AF1C820C608}.Release|Any CPU.ActiveCfg = Release|Any CPU
		{EC73DFC5-9B8D-4E60-A9C6-4AF1C820C608}.Release|Any CPU.Build.0 = Release|Any CPU
	EndGlobalSection
EndGlobal
